
Microsoft Visual Studio Solution File, Format Version 12.00
# Visual Studio Version 17
VisualStudioVersion = 17.5.33516.290
MinimumVisualStudioVersion = 10.0.40219.1
Project("{FAE04EC0-301F-11D3-BF4B-00C04F79EFBC}") = "AccessTimber", "AccessTimber.csproj", "{D7997695-EA86-4876-8F18-1CBAAFAF3EA0}"
EndProject
Project("{FAE04EC0-301F-11D3-BF4B-00C04F79EFBC}") = "ATModel", "..\ATModel\ATModel.csproj", "{F7080548-6EDB-4D9F-A9D8-F07DD678F537}"
EndProject
Project("{FAE04EC0-301F-11D3-BF4B-00C04F79EFBC}") = "ATServices", "..\ATServices\ATServices.csproj", "{3AAF25C6-2850-4675-9BF6-F9879008FE93}"
EndProject
Global
	GlobalSection(SolutionConfigurationPlatforms) = preSolution
		Debug|Any CPU = Debug|Any CPU
		Release|Any CPU = Release|Any CPU
	EndGlobalSection
	GlobalSection(ProjectConfigurationPlatforms) = postSolution
		{D7997695-EA86-4876-8F18-1CBAAFAF3EA0}.Debug|Any CPU.ActiveCfg = Debug|Any CPU
		{D7997695-EA86-4876-8F18-1CBAAFAF3EA0}.Debug|Any CPU.Build.0 = Debug|Any CPU
		{D7997695-EA86-4876-8F18-1CBAAFAF3EA0}.Release|Any CPU.ActiveCfg = Release|Any CPU
		{D7997695-EA86-4876-8F18-1CBAAFAF3EA0}.Release|Any CPU.Build.0 = Release|Any CPU
		{F7080548-6EDB-4D9F-A9D8-F07DD678F537}.Debug|Any CPU.ActiveCfg = Debug|Any CPU
		{F7080548-6EDB-4D9F-A9D8-F07DD678F537}.Debug|Any CPU.Build.0 = Debug|Any CPU
		{F7080548-6EDB-4D9F-A9D8-F07DD678F537}.Release|Any CPU.ActiveCfg = Release|Any CPU
		{F7080548-6EDB-4D9F-A9D8-F07DD678F537}.Release|Any CPU.Build.0 = Release|Any CPU
		{3AAF25C6-2850-4675-9BF6-F9879008FE93}.Debug|Any CPU.ActiveCfg = Debug|Any CPU
		{3AAF25C6-2850-4675-9BF6-F9879008FE93}.Debug|Any CPU.Build.0 = Debug|Any CPU
		{3AAF25C6-2850-4675-9BF6-F9879008FE93}.Release|Any CPU.ActiveCfg = Release|Any CPU
		{3AAF25C6-2850-4675-9BF6-F9879008FE93}.Release|Any CPU.Build.0 = Release|Any CPU
	EndGlobalSection
	GlobalSection(SolutionProperties) = preSolution
		HideSolutionNode = FALSE
	EndGlobalSection
	GlobalSection(ExtensibilityGlobals) = postSolution
		SolutionGuid = {89F79DB0-1E01-4B83-80F7-F34EC0B38E9C}
	EndGlobalSection
EndGlobal
